{
  "version": 4,
  "terraform_version": "1.9.2",
  "serial": 13,
  "lineage": "f2ddaefe-57c6-e181-77df-7dbb930f75d9",
  "outputs": {
    "public_ip": {
      "value": "52.143.128.221",
      "type": "string"
    }
  },
  "resources": [
    {
      "mode": "managed",
      "type": "azurerm_linux_virtual_machine",
      "name": "vm",
      "provider": "provider[\"registry.terraform.io/hashicorp/azurerm\"]",
      "instances": [
        {
          "schema_version": 0,
          "attributes": {
            "additional_capabilities": [],
            "admin_password": "P@ssw0rd1234!",
            "admin_ssh_key": [],
            "admin_username": "azureuser",
            "allow_extension_operations": true,
            "availability_set_id": "",
            "boot_diagnostics": [],
            "bypass_platform_safety_checks_on_user_schedule_enabled": false,
            "capacity_reservation_group_id": "",
            "computer_name": "jenkins-sonar-trivy-vm",
            "custom_data": "IyEvYmluL2Jhc2gKCiMgVXBkYXRlIHBhY2thZ2UgbGlzdCBhbmQgaW5zdGFsbCBwcmVyZXF1aXNpdGVzCnN1ZG8gYXB0LWdldCB1cGRhdGUgLXkKc3VkbyBhcHQtZ2V0IGluc3RhbGwgLXkgY3VybCBhcHQtdHJhbnNwb3J0LWh0dHBzIGNhLWNlcnRpZmljYXRlcyBzb2Z0d2FyZS1wcm9wZXJ0aWVzLWNvbW1vbiBnbnVwZzIKCiMgSW5zdGFsbCBKYXZhIEpESyAxNwpzdWRvIGFwdC1nZXQgaW5zdGFsbCAteSBvcGVuamRrLTE3LWpkawoKIyBJbnN0YWxsIEplbmtpbnMKY3VybCAtZnNTTCBodHRwczovL3BrZy5qZW5raW5zLmlvL2RlYmlhbi9qZW5raW5zLmlvLmtleSB8IHN1ZG8gdGVlIC91c3Ivc2hhcmUva2V5cmluZ3MvamVua2lucy1rZXlyaW5nLmFzYyA+IC9kZXYvbnVsbAplY2hvIGRlYiBbc2lnbmVkLWJ5PS91c3Ivc2hhcmUva2V5cmluZ3MvamVua2lucy1rZXlyaW5nLmFzY10gaHR0cHM6Ly9wa2cuamVua2lucy5pby9kZWJpYW4gYmluYXJ5LyB8IHN1ZG8gdGVlIC9ldGMvYXB0L3NvdXJjZXMubGlzdC5kL2plbmtpbnMubGlzdCA+IC9kZXYvbnVsbApzdWRvIGFwdC1nZXQgdXBkYXRlIC15CnN1ZG8gYXB0LWdldCBpbnN0YWxsIC15IGplbmtpbnMKc3VkbyBzeXN0ZW1jdGwgc3RhcnQgamVua2lucwpzdWRvIHN5c3RlbWN0bCBlbmFibGUgamVua2lucwoKIyBJbnN0YWxsIERvY2tlcgpjdXJsIC1mc1NMIGh0dHBzOi8vZG93bmxvYWQuZG9ja2VyLmNvbS9saW51eC91YnVudHUvZ3BnIHwgc3VkbyBhcHQta2V5IGFkZCAtCnN1ZG8gYWRkLWFwdC1yZXBvc2l0b3J5ICJkZWIgW2FyY2g9YW1kNjRdIGh0dHBzOi8vZG93bmxvYWQuZG9ja2VyLmNvbS9saW51eC91YnVudHUgJChsc2JfcmVsZWFzZSAtY3MpIHN0YWJsZSIKc3VkbyBhcHQtZ2V0IHVwZGF0ZSAteQpzdWRvIGFwdC1nZXQgaW5zdGFsbCAteSBkb2NrZXItY2UKc3VkbyB1c2VybW9kIC1hRyBkb2NrZXIgJHtVU0VSfQoKIyBSdW4gU29uYXJRdWJlIGNvbnRhaW5lcgpzdWRvIGRvY2tlciBydW4gLWQgLS1uYW1lIHNvbmFyIC1wIDkwMDA6OTAwMCBzb25hcnF1YmU6bHRzLWNvbW11bml0eQoKIyBJbnN0YWxsIFRyaXZ5CnN1ZG8gYXB0LWdldCBpbnN0YWxsIC15IHdnZXQKd2dldCBodHRwczovL2dpdGh1Yi5jb20vYXF1YXNlY3VyaXR5L3RyaXZ5L3JlbGVhc2VzL2Rvd25sb2FkL3YwLjMyLjEvdHJpdnlfMC4zMi4xX0xpbnV4LTY0Yml0LmRlYgpzdWRvIGRwa2cgLWkgdHJpdnlfMC4zMi4xX0xpbnV4LTY0Yml0LmRlYgoKIyBSZXN0YXJ0IEplbmtpbnMgdG8gYXBwbHkgYWxsIGNoYW5nZXMKc3VkbyBzeXN0ZW1jdGwgcmVzdGFydCBqZW5raW5zCgplY2hvICJJbnN0YWxsYXRpb24gY29tcGxldGVkLiBKZW5raW5zIGlzIHJ1bm5pbmcgb24gcG9ydCA4MDgwLCBhbmQgU29uYXJRdWJlIGlzIHJ1bm5pbmcgb24gcG9ydCA5MDAwLiIKCg==",
            "dedicated_host_group_id": "",
            "dedicated_host_id": "",
            "disable_password_authentication": false,
            "disk_controller_type": "",
            "edge_zone": "",
            "encryption_at_host_enabled": false,
            "eviction_policy": "",
            "extensions_time_budget": "PT1H30M",
            "gallery_application": [],
            "id": "/subscriptions/66e2b7c7-2334-41a0-8308-9d661d1b7c6d/resourceGroups/jenkins-sonar-trivy-rg/providers/Microsoft.Compute/virtualMachines/jenkins-sonar-trivy-vm",
            "identity": [],
            "license_type": "",
            "location": "francecentral",
            "max_bid_price": -1,
            "name": "jenkins-sonar-trivy-vm",
            "network_interface_ids": [
              "/subscriptions/66e2b7c7-2334-41a0-8308-9d661d1b7c6d/resourceGroups/jenkins-sonar-trivy-rg/providers/Microsoft.Network/networkInterfaces/jenkins-sonar-trivy-nic"
            ],
            "os_disk": [
              {
                "caching": "ReadWrite",
                "diff_disk_settings": [],
                "disk_encryption_set_id": "",
                "disk_size_gb": 40,
                "name": "jenkins-sonar-trivy-vm_OsDisk_1_504fffdcbf3349459c49d352842970f3",
                "secure_vm_disk_encryption_set_id": "",
                "security_encryption_type": "",
                "storage_account_type": "Standard_LRS",
                "write_accelerator_enabled": false
              }
            ],
            "os_image_notification": [],
            "patch_assessment_mode": "ImageDefault",
            "patch_mode": "ImageDefault",
            "plan": [],
            "platform_fault_domain": -1,
            "priority": "Regular",
            "private_ip_address": "10.0.1.4",
            "private_ip_addresses": ["10.0.1.4"],
            "provision_vm_agent": true,
            "proximity_placement_group_id": "",
            "public_ip_address": "52.143.128.221",
            "public_ip_addresses": ["52.143.128.221"],
            "reboot_setting": "",
            "resource_group_name": "jenkins-sonar-trivy-rg",
            "secret": [],
            "secure_boot_enabled": false,
            "size": "Standard_B2s",
            "source_image_id": "",
            "source_image_reference": [
              {
                "offer": "0001-com-ubuntu-server-focal",
                "publisher": "Canonical",
                "sku": "20_04-lts",
                "version": "latest"
              }
            ],
            "tags": null,
            "termination_notification": null,
            "timeouts": null,
            "user_data": "",
            "virtual_machine_id": "61773009-96e7-4e92-a79a-e6d0230f7ebb",
            "virtual_machine_scale_set_id": "",
            "vm_agent_platform_updates_enabled": false,
            "vtpm_enabled": false,
            "zone": ""
          },
          "sensitive_attributes": [
            [
              {
                "type": "get_attr",
                "value": "admin_password"
              }
            ],
            [
              {
                "type": "get_attr",
                "value": "custom_data"
              }
            ]
          ],
          "private": "eyJlMmJmYjczMC1lY2FhLTExZTYtOGY4OC0zNDM2M2JjN2M0YzAiOnsiY3JlYXRlIjoyNzAwMDAwMDAwMDAwLCJkZWxldGUiOjI3MDAwMDAwMDAwMDAsInJlYWQiOjMwMDAwMDAwMDAwMCwidXBkYXRlIjoyNzAwMDAwMDAwMDAwfX0=",
          "dependencies": [
            "azurerm_network_interface.nic",
            "azurerm_public_ip.pip",
            "azurerm_resource_group.rg",
            "azurerm_subnet.subnet",
            "azurerm_virtual_network.vnet"
          ]
        }
      ]
    },
    {
      "mode": "managed",
      "type": "azurerm_network_interface",
      "name": "nic",
      "provider": "provider[\"registry.terraform.io/hashicorp/azurerm\"]",
      "instances": [
        {
          "schema_version": 0,
          "attributes": {
            "accelerated_networking_enabled": false,
            "applied_dns_servers": [],
            "auxiliary_mode": "",
            "auxiliary_sku": "",
            "dns_servers": [],
            "edge_zone": "",
            "enable_accelerated_networking": false,
            "enable_ip_forwarding": false,
            "id": "/subscriptions/66e2b7c7-2334-41a0-8308-9d661d1b7c6d/resourceGroups/jenkins-sonar-trivy-rg/providers/Microsoft.Network/networkInterfaces/jenkins-sonar-trivy-nic",
            "internal_dns_name_label": "",
            "internal_domain_name_suffix": "",
            "ip_configuration": [
              {
                "gateway_load_balancer_frontend_ip_configuration_id": "",
                "name": "internal",
                "primary": true,
                "private_ip_address": "10.0.1.4",
                "private_ip_address_allocation": "Dynamic",
                "private_ip_address_version": "IPv4",
                "public_ip_address_id": "/subscriptions/66e2b7c7-2334-41a0-8308-9d661d1b7c6d/resourceGroups/jenkins-sonar-trivy-rg/providers/Microsoft.Network/publicIPAddresses/jenkins-sonar-trivy-pip",
                "subnet_id": "/subscriptions/66e2b7c7-2334-41a0-8308-9d661d1b7c6d/resourceGroups/jenkins-sonar-trivy-rg/providers/Microsoft.Network/virtualNetworks/jenkins-sonar-trivy-vnet/subnets/jenkins-sonar-trivy-subnet"
              }
            ],
            "ip_forwarding_enabled": false,
            "location": "francecentral",
            "mac_address": "00-22-48-38-93-B0",
            "name": "jenkins-sonar-trivy-nic",
            "private_ip_address": "10.0.1.4",
            "private_ip_addresses": ["10.0.1.4"],
            "resource_group_name": "jenkins-sonar-trivy-rg",
            "tags": {},
            "timeouts": null,
            "virtual_machine_id": ""
          },
          "sensitive_attributes": [],
          "private": "eyJlMmJmYjczMC1lY2FhLTExZTYtOGY4OC0zNDM2M2JjN2M0YzAiOnsiY3JlYXRlIjoxODAwMDAwMDAwMDAwLCJkZWxldGUiOjE4MDAwMDAwMDAwMDAsInJlYWQiOjMwMDAwMDAwMDAwMCwidXBkYXRlIjoxODAwMDAwMDAwMDAwfX0=",
          "dependencies": [
            "azurerm_public_ip.pip",
            "azurerm_resource_group.rg",
            "azurerm_subnet.subnet",
            "azurerm_virtual_network.vnet"
          ]
        }
      ]
    },
    {
      "mode": "managed",
      "type": "azurerm_network_security_group",
      "name": "nsg",
      "provider": "provider[\"registry.terraform.io/hashicorp/azurerm\"]",
      "instances": [
        {
          "schema_version": 0,
          "attributes": {
            "id": "/subscriptions/66e2b7c7-2334-41a0-8308-9d661d1b7c6d/resourceGroups/jenkins-sonar-trivy-rg/providers/Microsoft.Network/networkSecurityGroups/jenkins-sonar-trivy-nsg",
            "location": "francecentral",
            "name": "jenkins-sonar-trivy-nsg",
            "resource_group_name": "jenkins-sonar-trivy-rg",
            "security_rule": [
              {
                "access": "Allow",
                "description": "",
                "destination_address_prefix": "*",
                "destination_address_prefixes": [],
                "destination_application_security_group_ids": [],
                "destination_port_range": "",
                "destination_port_ranges": ["22", "443", "80", "8080", "9000"],
                "direction": "Inbound",
                "name": "allow_ports",
                "priority": 100,
                "protocol": "Tcp",
                "source_address_prefix": "*",
                "source_address_prefixes": [],
                "source_application_security_group_ids": [],
                "source_port_range": "*",
                "source_port_ranges": []
              }
            ],
            "tags": {},
            "timeouts": null
          },
          "sensitive_attributes": [],
          "private": "eyJlMmJmYjczMC1lY2FhLTExZTYtOGY4OC0zNDM2M2JjN2M0YzAiOnsiY3JlYXRlIjoxODAwMDAwMDAwMDAwLCJkZWxldGUiOjE4MDAwMDAwMDAwMDAsInJlYWQiOjMwMDAwMDAwMDAwMCwidXBkYXRlIjoxODAwMDAwMDAwMDAwfX0=",
          "dependencies": ["azurerm_resource_group.rg"]
        }
      ]
    },
    {
      "mode": "managed",
      "type": "azurerm_public_ip",
      "name": "pip",
      "provider": "provider[\"registry.terraform.io/hashicorp/azurerm\"]",
      "instances": [
        {
          "schema_version": 0,
          "attributes": {
            "allocation_method": "Static",
            "ddos_protection_mode": "VirtualNetworkInherited",
            "ddos_protection_plan_id": null,
            "domain_name_label": null,
            "edge_zone": "",
            "fqdn": null,
            "id": "/subscriptions/66e2b7c7-2334-41a0-8308-9d661d1b7c6d/resourceGroups/jenkins-sonar-trivy-rg/providers/Microsoft.Network/publicIPAddresses/jenkins-sonar-trivy-pip",
            "idle_timeout_in_minutes": 4,
            "ip_address": "52.143.128.221",
            "ip_tags": {},
            "ip_version": "IPv4",
            "location": "francecentral",
            "name": "jenkins-sonar-trivy-pip",
            "public_ip_prefix_id": null,
            "resource_group_name": "jenkins-sonar-trivy-rg",
            "reverse_fqdn": null,
            "sku": "Basic",
            "sku_tier": "Regional",
            "tags": {},
            "timeouts": null,
            "zones": []
          },
          "sensitive_attributes": [],
          "private": "eyJlMmJmYjczMC1lY2FhLTExZTYtOGY4OC0zNDM2M2JjN2M0YzAiOnsiY3JlYXRlIjoxODAwMDAwMDAwMDAwLCJkZWxldGUiOjE4MDAwMDAwMDAwMDAsInJlYWQiOjMwMDAwMDAwMDAwMCwidXBkYXRlIjoxODAwMDAwMDAwMDAwfX0=",
          "dependencies": ["azurerm_resource_group.rg"]
        }
      ]
    },
    {
      "mode": "managed",
      "type": "azurerm_resource_group",
      "name": "rg",
      "provider": "provider[\"registry.terraform.io/hashicorp/azurerm\"]",
      "instances": [
        {
          "schema_version": 0,
          "attributes": {
            "id": "/subscriptions/66e2b7c7-2334-41a0-8308-9d661d1b7c6d/resourceGroups/jenkins-sonar-trivy-rg",
            "location": "francecentral",
            "managed_by": "",
            "name": "jenkins-sonar-trivy-rg",
            "tags": {},
            "timeouts": null
          },
          "sensitive_attributes": [],
          "private": "eyJlMmJmYjczMC1lY2FhLTExZTYtOGY4OC0zNDM2M2JjN2M0YzAiOnsiY3JlYXRlIjo1NDAwMDAwMDAwMDAwLCJkZWxldGUiOjU0MDAwMDAwMDAwMDAsInJlYWQiOjMwMDAwMDAwMDAwMCwidXBkYXRlIjo1NDAwMDAwMDAwMDAwfX0="
        }
      ]
    },
    {
      "mode": "managed",
      "type": "azurerm_subnet",
      "name": "subnet",
      "provider": "provider[\"registry.terraform.io/hashicorp/azurerm\"]",
      "instances": [
        {
          "schema_version": 0,
          "attributes": {
            "address_prefixes": ["10.0.1.0/24"],
            "default_outbound_access_enabled": true,
            "delegation": [],
            "enforce_private_link_endpoint_network_policies": false,
            "enforce_private_link_service_network_policies": false,
            "id": "/subscriptions/66e2b7c7-2334-41a0-8308-9d661d1b7c6d/resourceGroups/jenkins-sonar-trivy-rg/providers/Microsoft.Network/virtualNetworks/jenkins-sonar-trivy-vnet/subnets/jenkins-sonar-trivy-subnet",
            "name": "jenkins-sonar-trivy-subnet",
            "private_endpoint_network_policies": "Enabled",
            "private_endpoint_network_policies_enabled": true,
            "private_link_service_network_policies_enabled": true,
            "resource_group_name": "jenkins-sonar-trivy-rg",
            "service_endpoint_policy_ids": [],
            "service_endpoints": [],
            "timeouts": null,
            "virtual_network_name": "jenkins-sonar-trivy-vnet"
          },
          "sensitive_attributes": [],
          "private": "eyJlMmJmYjczMC1lY2FhLTExZTYtOGY4OC0zNDM2M2JjN2M0YzAiOnsiY3JlYXRlIjoxODAwMDAwMDAwMDAwLCJkZWxldGUiOjE4MDAwMDAwMDAwMDAsInJlYWQiOjMwMDAwMDAwMDAwMCwidXBkYXRlIjoxODAwMDAwMDAwMDAwfX0=",
          "dependencies": [
            "azurerm_resource_group.rg",
            "azurerm_virtual_network.vnet"
          ]
        }
      ]
    },
    {
      "mode": "managed",
      "type": "azurerm_virtual_network",
      "name": "vnet",
      "provider": "provider[\"registry.terraform.io/hashicorp/azurerm\"]",
      "instances": [
        {
          "schema_version": 0,
          "attributes": {
            "address_space": ["10.0.0.0/16"],
            "bgp_community": "",
            "ddos_protection_plan": [],
            "dns_servers": [],
            "edge_zone": "",
            "encryption": [],
            "flow_timeout_in_minutes": 0,
            "guid": "2b420248-811e-41da-a020-cf240a0fdaec",
            "id": "/subscriptions/66e2b7c7-2334-41a0-8308-9d661d1b7c6d/resourceGroups/jenkins-sonar-trivy-rg/providers/Microsoft.Network/virtualNetworks/jenkins-sonar-trivy-vnet",
            "location": "francecentral",
            "name": "jenkins-sonar-trivy-vnet",
            "resource_group_name": "jenkins-sonar-trivy-rg",
            "subnet": [
              {
                "address_prefix": "10.0.1.0/24",
                "id": "/subscriptions/66e2b7c7-2334-41a0-8308-9d661d1b7c6d/resourceGroups/jenkins-sonar-trivy-rg/providers/Microsoft.Network/virtualNetworks/jenkins-sonar-trivy-vnet/subnets/jenkins-sonar-trivy-subnet",
                "name": "jenkins-sonar-trivy-subnet",
                "security_group": ""
              }
            ],
            "tags": {},
            "timeouts": null
          },
          "sensitive_attributes": [],
          "private": "eyJlMmJmYjczMC1lY2FhLTExZTYtOGY4OC0zNDM2M2JjN2M0YzAiOnsiY3JlYXRlIjoxODAwMDAwMDAwMDAwLCJkZWxldGUiOjE4MDAwMDAwMDAwMDAsInJlYWQiOjMwMDAwMDAwMDAwMCwidXBkYXRlIjoxODAwMDAwMDAwMDAwfX0=",
          "dependencies": ["azurerm_resource_group.rg"]
        }
      ]
    }
  ],
  "check_results": null
}
