{
  "version": 4,
  "terraform_version": "1.9.2",
  "serial": 11,
  "lineage": "f2ddaefe-57c6-e181-77df-7dbb930f75d9",
  "outputs": {
    "public_ip": {
      "value": "52.143.128.221",
      "type": "string"
    }
  },
  "resources": [
    {
      "mode": "managed",
      "type": "azurerm_network_interface",
      "name": "nic",
      "provider": "provider[\"registry.terraform.io/hashicorp/azurerm\"]",
      "instances": [
        {
          "schema_version": 0,
          "attributes": {
            "accelerated_networking_enabled": false,
            "applied_dns_servers": [],
            "auxiliary_mode": "",
            "auxiliary_sku": "",
            "dns_servers": [],
            "edge_zone": "",
            "enable_accelerated_networking": false,
            "enable_ip_forwarding": false,
            "id": "/subscriptions/66e2b7c7-2334-41a0-8308-9d661d1b7c6d/resourceGroups/jenkins-sonar-trivy-rg/providers/Microsoft.Network/networkInterfaces/jenkins-sonar-trivy-nic",
            "internal_dns_name_label": "",
            "internal_domain_name_suffix": "jabeeky4qhnedibaz2saud403e.parx.internal.cloudapp.net",
            "ip_configuration": [
              {
                "gateway_load_balancer_frontend_ip_configuration_id": "",
                "name": "internal",
                "primary": true,
                "private_ip_address": "10.0.1.4",
                "private_ip_address_allocation": "Dynamic",
                "private_ip_address_version": "IPv4",
                "public_ip_address_id": "/subscriptions/66e2b7c7-2334-41a0-8308-9d661d1b7c6d/resourceGroups/jenkins-sonar-trivy-rg/providers/Microsoft.Network/publicIPAddresses/jenkins-sonar-trivy-pip",
                "subnet_id": "/subscriptions/66e2b7c7-2334-41a0-8308-9d661d1b7c6d/resourceGroups/jenkins-sonar-trivy-rg/providers/Microsoft.Network/virtualNetworks/jenkins-sonar-trivy-vnet/subnets/jenkins-sonar-trivy-subnet"
              }
            ],
            "ip_forwarding_enabled": false,
            "location": "francecentral",
            "mac_address": "00-22-48-38-93-B0",
            "name": "jenkins-sonar-trivy-nic",
            "private_ip_address": "10.0.1.4",
            "private_ip_addresses": ["10.0.1.4"],
            "resource_group_name": "jenkins-sonar-trivy-rg",
            "tags": {},
            "timeouts": null,
            "virtual_machine_id": "/subscriptions/66e2b7c7-2334-41a0-8308-9d661d1b7c6d/resourceGroups/jenkins-sonar-trivy-rg/providers/Microsoft.Compute/virtualMachines/jenkins-sonar-trivy-vm"
          },
          "sensitive_attributes": [],
          "private": "eyJlMmJmYjczMC1lY2FhLTExZTYtOGY4OC0zNDM2M2JjN2M0YzAiOnsiY3JlYXRlIjoxODAwMDAwMDAwMDAwLCJkZWxldGUiOjE4MDAwMDAwMDAwMDAsInJlYWQiOjMwMDAwMDAwMDAwMCwidXBkYXRlIjoxODAwMDAwMDAwMDAwfX0=",
          "dependencies": [
            "azurerm_public_ip.pip",
            "azurerm_resource_group.rg",
            "azurerm_subnet.subnet",
            "azurerm_virtual_network.vnet"
          ]
        }
      ]
    },
    {
      "mode": "managed",
      "type": "azurerm_network_security_group",
      "name": "nsg",
      "provider": "provider[\"registry.terraform.io/hashicorp/azurerm\"]",
      "instances": [
        {
          "schema_version": 0,
          "attributes": {
            "id": "/subscriptions/66e2b7c7-2334-41a0-8308-9d661d1b7c6d/resourceGroups/jenkins-sonar-trivy-rg/providers/Microsoft.Network/networkSecurityGroups/jenkins-sonar-trivy-nsg",
            "location": "francecentral",
            "name": "jenkins-sonar-trivy-nsg",
            "resource_group_name": "jenkins-sonar-trivy-rg",
            "security_rule": [
              {
                "access": "Allow",
                "description": "",
                "destination_address_prefix": "*",
                "destination_address_prefixes": [],
                "destination_application_security_group_ids": [],
                "destination_port_range": "",
                "destination_port_ranges": ["22", "443", "80", "8080", "9000"],
                "direction": "Inbound",
                "name": "allow_ports",
                "priority": 100,
                "protocol": "Tcp",
                "source_address_prefix": "*",
                "source_address_prefixes": [],
                "source_application_security_group_ids": [],
                "source_port_range": "*",
                "source_port_ranges": []
              }
            ],
            "tags": {},
            "timeouts": null
          },
          "sensitive_attributes": [],
          "private": "eyJlMmJmYjczMC1lY2FhLTExZTYtOGY4OC0zNDM2M2JjN2M0YzAiOnsiY3JlYXRlIjoxODAwMDAwMDAwMDAwLCJkZWxldGUiOjE4MDAwMDAwMDAwMDAsInJlYWQiOjMwMDAwMDAwMDAwMCwidXBkYXRlIjoxODAwMDAwMDAwMDAwfX0=",
          "dependencies": ["azurerm_resource_group.rg"]
        }
      ]
    },
    {
      "mode": "managed",
      "type": "azurerm_public_ip",
      "name": "pip",
      "provider": "provider[\"registry.terraform.io/hashicorp/azurerm\"]",
      "instances": [
        {
          "schema_version": 0,
          "attributes": {
            "allocation_method": "Dynamic",
            "ddos_protection_mode": "VirtualNetworkInherited",
            "ddos_protection_plan_id": null,
            "domain_name_label": null,
            "edge_zone": "",
            "fqdn": null,
            "id": "/subscriptions/66e2b7c7-2334-41a0-8308-9d661d1b7c6d/resourceGroups/jenkins-sonar-trivy-rg/providers/Microsoft.Network/publicIPAddresses/jenkins-sonar-trivy-pip",
            "idle_timeout_in_minutes": 4,
            "ip_address": "52.143.128.221",
            "ip_tags": {},
            "ip_version": "IPv4",
            "location": "francecentral",
            "name": "jenkins-sonar-trivy-pip",
            "public_ip_prefix_id": null,
            "resource_group_name": "jenkins-sonar-trivy-rg",
            "reverse_fqdn": null,
            "sku": "Basic",
            "sku_tier": "Regional",
            "tags": {},
            "timeouts": null,
            "zones": []
          },
          "sensitive_attributes": [],
          "private": "eyJlMmJmYjczMC1lY2FhLTExZTYtOGY4OC0zNDM2M2JjN2M0YzAiOnsiY3JlYXRlIjoxODAwMDAwMDAwMDAwLCJkZWxldGUiOjE4MDAwMDAwMDAwMDAsInJlYWQiOjMwMDAwMDAwMDAwMCwidXBkYXRlIjoxODAwMDAwMDAwMDAwfX0=",
          "dependencies": ["azurerm_resource_group.rg"]
        }
      ]
    },
    {
      "mode": "managed",
      "type": "azurerm_resource_group",
      "name": "rg",
      "provider": "provider[\"registry.terraform.io/hashicorp/azurerm\"]",
      "instances": [
        {
          "schema_version": 0,
          "attributes": {
            "id": "/subscriptions/66e2b7c7-2334-41a0-8308-9d661d1b7c6d/resourceGroups/jenkins-sonar-trivy-rg",
            "location": "francecentral",
            "managed_by": "",
            "name": "jenkins-sonar-trivy-rg",
            "tags": {},
            "timeouts": null
          },
          "sensitive_attributes": [],
          "private": "eyJlMmJmYjczMC1lY2FhLTExZTYtOGY4OC0zNDM2M2JjN2M0YzAiOnsiY3JlYXRlIjo1NDAwMDAwMDAwMDAwLCJkZWxldGUiOjU0MDAwMDAwMDAwMDAsInJlYWQiOjMwMDAwMDAwMDAwMCwidXBkYXRlIjo1NDAwMDAwMDAwMDAwfX0="
        }
      ]
    },
    {
      "mode": "managed",
      "type": "azurerm_subnet",
      "name": "subnet",
      "provider": "provider[\"registry.terraform.io/hashicorp/azurerm\"]",
      "instances": [
        {
          "schema_version": 0,
          "attributes": {
            "address_prefixes": ["10.0.1.0/24"],
            "default_outbound_access_enabled": true,
            "delegation": [],
            "enforce_private_link_endpoint_network_policies": false,
            "enforce_private_link_service_network_policies": false,
            "id": "/subscriptions/66e2b7c7-2334-41a0-8308-9d661d1b7c6d/resourceGroups/jenkins-sonar-trivy-rg/providers/Microsoft.Network/virtualNetworks/jenkins-sonar-trivy-vnet/subnets/jenkins-sonar-trivy-subnet",
            "name": "jenkins-sonar-trivy-subnet",
            "private_endpoint_network_policies": "Enabled",
            "private_endpoint_network_policies_enabled": true,
            "private_link_service_network_policies_enabled": true,
            "resource_group_name": "jenkins-sonar-trivy-rg",
            "service_endpoint_policy_ids": [],
            "service_endpoints": [],
            "timeouts": null,
            "virtual_network_name": "jenkins-sonar-trivy-vnet"
          },
          "sensitive_attributes": [],
          "private": "eyJlMmJmYjczMC1lY2FhLTExZTYtOGY4OC0zNDM2M2JjN2M0YzAiOnsiY3JlYXRlIjoxODAwMDAwMDAwMDAwLCJkZWxldGUiOjE4MDAwMDAwMDAwMDAsInJlYWQiOjMwMDAwMDAwMDAwMCwidXBkYXRlIjoxODAwMDAwMDAwMDAwfX0=",
          "dependencies": [
            "azurerm_resource_group.rg",
            "azurerm_virtual_network.vnet"
          ]
        }
      ]
    },
    {
      "mode": "managed",
      "type": "azurerm_virtual_network",
      "name": "vnet",
      "provider": "provider[\"registry.terraform.io/hashicorp/azurerm\"]",
      "instances": [
        {
          "schema_version": 0,
          "attributes": {
            "address_space": ["10.0.0.0/16"],
            "bgp_community": "",
            "ddos_protection_plan": [],
            "dns_servers": [],
            "edge_zone": "",
            "encryption": [],
            "flow_timeout_in_minutes": 0,
            "guid": "2b420248-811e-41da-a020-cf240a0fdaec",
            "id": "/subscriptions/66e2b7c7-2334-41a0-8308-9d661d1b7c6d/resourceGroups/jenkins-sonar-trivy-rg/providers/Microsoft.Network/virtualNetworks/jenkins-sonar-trivy-vnet",
            "location": "francecentral",
            "name": "jenkins-sonar-trivy-vnet",
            "resource_group_name": "jenkins-sonar-trivy-rg",
            "subnet": [
              {
                "address_prefix": "10.0.1.0/24",
                "id": "/subscriptions/66e2b7c7-2334-41a0-8308-9d661d1b7c6d/resourceGroups/jenkins-sonar-trivy-rg/providers/Microsoft.Network/virtualNetworks/jenkins-sonar-trivy-vnet/subnets/jenkins-sonar-trivy-subnet",
                "name": "jenkins-sonar-trivy-subnet",
                "security_group": ""
              }
            ],
            "tags": {},
            "timeouts": null
          },
          "sensitive_attributes": [],
          "private": "eyJlMmJmYjczMC1lY2FhLTExZTYtOGY4OC0zNDM2M2JjN2M0YzAiOnsiY3JlYXRlIjoxODAwMDAwMDAwMDAwLCJkZWxldGUiOjE4MDAwMDAwMDAwMDAsInJlYWQiOjMwMDAwMDAwMDAwMCwidXBkYXRlIjoxODAwMDAwMDAwMDAwfX0=",
          "dependencies": ["azurerm_resource_group.rg"]
        }
      ]
    }
  ],
  "check_results": null
}
